
Microsoft Visual Studio Solution File, Format Version 12.00
# Visual Studio Version 17
VisualStudioVersion = 17.0.31912.275
MinimumVisualStudioVersion = 10.0.40219.1
Project("{9A19103F-16F7-4668-BE54-9A1E7A4F7556}") = "SampleMassTransit.API", "SampleMassTransit.API\SampleMassTransit.API.csproj", "{A12917AE-77FA-43FC-AB39-E246D2D06307}"
EndProject
Project("{9A19103F-16F7-4668-BE54-9A1E7A4F7556}") = "SampleMassTransit.Contracts", "SampleMassTransit.Contracts\SampleMassTransit.Contracts.csproj", "{35518C74-3E18-487B-8BA7-74C48B6CA1FE}"
EndProject
Project("{9A19103F-16F7-4668-BE54-9A1E7A4F7556}") = "SampleMassTransit.Components", "SampleMassTransit.Components\SampleMassTransit.Components.csproj", "{21D6976B-F6CA-4F4F-8081-1877FDFD81DC}"
EndProject
Project("{FAE04EC0-301F-11D3-BF4B-00C04F79EFBC}") = "SampleMassTransit.Service", "SampleMassTransit.Service\SampleMassTransit.Service.csproj", "{6C24D9BC-FB87-4135-96DA-203336D39005}"
EndProject
Global
	GlobalSection(SolutionConfigurationPlatforms) = preSolution
		Debug|Any CPU = Debug|Any CPU
		Release|Any CPU = Release|Any CPU
	EndGlobalSection
	GlobalSection(ProjectConfigurationPlatforms) = postSolution
		{A12917AE-77FA-43FC-AB39-E246D2D06307}.Debug|Any CPU.ActiveCfg = Debug|Any CPU
		{A12917AE-77FA-43FC-AB39-E246D2D06307}.Debug|Any CPU.Build.0 = Debug|Any CPU
		{A12917AE-77FA-43FC-AB39-E246D2D06307}.Release|Any CPU.ActiveCfg = Release|Any CPU
		{A12917AE-77FA-43FC-AB39-E246D2D06307}.Release|Any CPU.Build.0 = Release|Any CPU
		{35518C74-3E18-487B-8BA7-74C48B6CA1FE}.Debug|Any CPU.ActiveCfg = Debug|Any CPU
		{35518C74-3E18-487B-8BA7-74C48B6CA1FE}.Debug|Any CPU.Build.0 = Debug|Any CPU
		{35518C74-3E18-487B-8BA7-74C48B6CA1FE}.Release|Any CPU.ActiveCfg = Release|Any CPU
		{35518C74-3E18-487B-8BA7-74C48B6CA1FE}.Release|Any CPU.Build.0 = Release|Any CPU
		{21D6976B-F6CA-4F4F-8081-1877FDFD81DC}.Debug|Any CPU.ActiveCfg = Debug|Any CPU
		{21D6976B-F6CA-4F4F-8081-1877FDFD81DC}.Debug|Any CPU.Build.0 = Debug|Any CPU
		{21D6976B-F6CA-4F4F-8081-1877FDFD81DC}.Release|Any CPU.ActiveCfg = Release|Any CPU
		{21D6976B-F6CA-4F4F-8081-1877FDFD81DC}.Release|Any CPU.Build.0 = Release|Any CPU
		{6C24D9BC-FB87-4135-96DA-203336D39005}.Debug|Any CPU.ActiveCfg = Debug|Any CPU
		{6C24D9BC-FB87-4135-96DA-203336D39005}.Debug|Any CPU.Build.0 = Debug|Any CPU
		{6C24D9BC-FB87-4135-96DA-203336D39005}.Release|Any CPU.ActiveCfg = Release|Any CPU
		{6C24D9BC-FB87-4135-96DA-203336D39005}.Release|Any CPU.Build.0 = Release|Any CPU
	EndGlobalSection
	GlobalSection(SolutionProperties) = preSolution
		HideSolutionNode = FALSE
	EndGlobalSection
	GlobalSection(ExtensibilityGlobals) = postSolution
		SolutionGuid = {522C01C0-F05E-4739-B4FF-030CC84B791B}
	EndGlobalSection
EndGlobal
